filippo.io/edwards25519 v1.1.0 h1:FNf4tywRC1HmFuKW5xopWpigGjJKiJSV0Cqo0cJWDaA=
filippo.io/edwards25519 v1.1.0/go.mod h1:BxyFTGdWcka3PhytdK4V28tE5sGfRvvvRV7EaN4VDT4=
github.com/aeden/traceroute v0.0.0-20210211061815-03f5f7cb7908 h1:6suDyKbvZ5r2G/gblQLV9Cdv7rdqNlUxsRXpLOF0rKM=
github.com/aeden/traceroute v0.0.0-20210211061815-03f5f7cb7908/go.mod h1:HPBB/4vaPt7NcN9l72/+IwsmDVQsa6AWM6ZDKJCLB9U=
github.com/go-sql-driver/mysql v1.8.1 h1:LedoTUt/eveggdHS9qUFC1EFSa8bU2+1pZjSRpvNJ1Y=
github.com/go-sql-driver/mysql v1.8.1/go.mod h1:wEBSXgmK//2ZFJyE+qWnIsVGmvmEKlqwuVSjsCm7DZg=
